name: put-public-access-block
description: This operation is not supported by directory buckets.
flags:
    --account-id=!: The account ID for the Amazon Web Services account whose `PublicAccessBlock` configuration you want to set.
    --public-access-block-configuration=!: The `PublicAccessBlock` configuration that you want to apply to the specified Amazon Web Services account.
