name: put-snapshot-block
description: Writes a block of data to a snapshot.
flags:
    --block-data=!: The data to write to the block.
    --block-index=!: The block index of the block in which to write the data.
    --checksum-algorithm=!: The algorithm used to generate the checksum.
    --checksum=!: A Base64-encoded SHA256 checksum of the data.
    --cli-input-json=: Read arguments from the JSON string provided
    --cli-input-yaml=: Read arguments from the YAML string provided
    --data-length=!: The size of the data to write to the block, in bytes.
    --generate-cli-skeleton: Prints a JSON skeleton to standard output without sending an API request
    --progress=: The progress of the write process, as a percentage.
    --snapshot-id=!: The ID of the snapshot.
completion:
    flag:
        checksum-algorithm:
            - SHA256
