name: get-block
description: Returns a block object at a specified address in a journal.
flags:
    --block-address=!: The location of the block that you want to request.
    --cli-input-json=: Read arguments from the JSON string provided.
    --cli-input-yaml=: Read arguments from the YAML string provided.
    --digest-tip-address=: The latest block location covered by the digest for which to request a proof.
    --generate-cli-skeleton: Prints a JSON skeleton to standard output without sending an API request.
    --name=!: The name of the ledger.
