name: put-public-access-block
description: This operation is not supported by directory buckets.
flags:
    --account-id=!: The account ID for the Amazon Web Services account whose `PublicAccessBlock` configuration you want to set.
    --cli-input-json=: Read arguments from the JSON string provided
    --cli-input-yaml=: Read arguments from the YAML string provided
    --generate-cli-skeleton: Prints a JSON skeleton to standard output without sending an API request
    --public-access-block-configuration=!: The `PublicAccessBlock` configuration that you want to apply to the specified Amazon Web Services account.
