name: create-app-block
description: Creates an app block.
flags:
    --cli-input-json=: Read arguments from the JSON string provided
    --cli-input-yaml=: Read arguments from the YAML string provided
    --description=: The description of the app block.
    --display-name=: The display name of the app block.
    --generate-cli-skeleton: Prints a JSON skeleton to standard output without sending an API request
    --name=!: The name of the app block.
    --packaging-type=: The packaging type of the app block.
    --post-setup-script-details=: The post setup script details of the app block.
    --setup-script-details=: The setup script details of the app block.
    --source-s3-location=!: The source S3 location of the app block.
    --tags=: The tags assigned to the app block.
completion:
    flag:
        packaging-type:
            - CUSTOM
            - APPSTREAM2
