name: complete-vault-lock
description: This operation completes the vault locking process by transitioning the vault lock from the `InProgress` state to the `Locked` state, which causes the vault lock policy to become unchangeable.
flags:
    --account-id=!: The `AccountId` value is the AWS account ID.
    --cli-input-json=: Read arguments from the JSON string provided
    --cli-input-yaml=: Read arguments from the YAML string provided
    --generate-cli-skeleton: Prints a JSON skeleton to standard output without sending an API request
    --lock-id=!: The `lockId` value is the lock ID obtained from a [InitiateVaultLock]() request.
    --vault-name=!: The name of the vault.
