name: complete-vault-lock
description: This operation completes the vault locking process by transitioning the vault lock from the `InProgress` state to the `Locked` state, which causes the vault lock policy to become unchangeable.
flags:
    --account-id=!: The `AccountId` value is the AWS account ID.
    --lock-id=!: The `lockId` value is the lock ID obtained from a [InitiateVaultLock]() request.
    --vault-name=!: The name of the vault.
