name: associate-subnet-cidr-block
description: Associates a CIDR block with your subnet.
flags:
    --cli-input-json=: Read arguments from the JSON string provided.
    --cli-input-yaml=: Read arguments from the YAML string provided.
    --generate-cli-skeleton: Prints a JSON skeleton to standard output without sending an API request.
    --ipv6-cidr-block=: The IPv6 CIDR block for your subnet.
    --ipv6-ipam-pool-id=: An IPv6 IPAM pool ID.
    --ipv6-netmask-length=: An IPv6 netmask length.
    --subnet-id=!: The ID of your subnet.
